
Microsoft Visual Studio Solution File, Format Version 12.00
# Visual Studio Version 16
VisualStudioVersion = 16.0.30002.166
MinimumVisualStudioVersion = 10.0.40219.1
Project("{FAE04EC0-301F-11D3-BF4B-00C04F79EFBC}") = "ExtractReport", "ExtractReport\ExtractReport.csproj", "{1A34E122-D671-4D86-A34B-9505DD9C808E}"
EndProject
Global
	GlobalSection(SolutionConfigurationPlatforms) = preSolution
		Debug|Any CPU = Debug|Any CPU
		Release|Any CPU = Release|Any CPU
	EndGlobalSection
	GlobalSection(ProjectConfigurationPlatforms) = postSolution
		{1A34E122-D671-4D86-A34B-9505DD9C808E}.Debug|Any CPU.ActiveCfg = Debug|Any CPU
		{1A34E122-D671-4D86-A34B-9505DD9C808E}.Debug|Any CPU.Build.0 = Debug|Any CPU
		{1A34E122-D671-4D86-A34B-9505DD9C808E}.Release|Any CPU.ActiveCfg = Release|Any CPU
		{1A34E122-D671-4D86-A34B-9505DD9C808E}.Release|Any CPU.Build.0 = Release|Any CPU
	EndGlobalSection
	GlobalSection(SolutionProperties) = preSolution
		HideSolutionNode = FALSE
	EndGlobalSection
	GlobalSection(ExtensibilityGlobals) = postSolution
		SolutionGuid = {3B3D543F-2ED4-4B3D-9626-80E9192305FC}
	EndGlobalSection
EndGlobal
